
Microsoft Visual Studio Solution File, Format Version 12.00
# Visual Studio Version 16
VisualStudioVersion = 16.0.28824.287
MinimumVisualStudioVersion = 10.0.40219.1
Project("{FAE04EC0-301F-11D3-BF4B-00C04F79EFBC}") = "SimpleConsoleLogger", "SimpleConsoleLogger\SimpleConsoleLogger.csproj", "{89C97CC1-2949-483C-A0DB-A0C3353F1CDA}"
EndProject
Global
	GlobalSection(SolutionConfigurationPlatforms) = preSolution
		Debug|Any CPU = Debug|Any CPU
		Release|Any CPU = Release|Any CPU
	EndGlobalSection
	GlobalSection(ProjectConfigurationPlatforms) = postSolution
		{89C97CC1-2949-483C-A0DB-A0C3353F1CDA}.Debug|Any CPU.ActiveCfg = Debug|Any CPU
		{89C97CC1-2949-483C-A0DB-A0C3353F1CDA}.Debug|Any CPU.Build.0 = Debug|Any CPU
		{89C97CC1-2949-483C-A0DB-A0C3353F1CDA}.Release|Any CPU.ActiveCfg = Release|Any CPU
		{89C97CC1-2949-483C-A0DB-A0C3353F1CDA}.Release|Any CPU.Build.0 = Release|Any CPU
	EndGlobalSection
	GlobalSection(SolutionProperties) = preSolution
		HideSolutionNode = FALSE
	EndGlobalSection
	GlobalSection(ExtensibilityGlobals) = postSolution
		SolutionGuid = {148BC243-6A6E-4C1A-988A-EBA06E9171E8}
	EndGlobalSection
EndGlobal
